
Microsoft Visual Studio Solution File, Format Version 12.00
# Visual Studio Version 17
VisualStudioVersion = 17.14.36811.4 d17.14
MinimumVisualStudioVersion = 10.0.40219.1
Project("{FAE04EC0-301F-11D3-BF4B-00C04F79EFBC}") = "WpfDocLearning", "WpfDocLearning.csproj", "{1FD19FE6-1C05-4B5C-A85E-861209426A67}"
EndProject
Global
	GlobalSection(SolutionConfigurationPlatforms) = preSolution
		Debug|Any CPU = Debug|Any CPU
		Release|Any CPU = Release|Any CPU
	EndGlobalSection
	GlobalSection(ProjectConfigurationPlatforms) = postSolution
		{1FD19FE6-1C05-4B5C-A85E-861209426A67}.Debug|Any CPU.ActiveCfg = Debug|Any CPU
		{1FD19FE6-1C05-4B5C-A85E-861209426A67}.Debug|Any CPU.Build.0 = Debug|Any CPU
		{1FD19FE6-1C05-4B5C-A85E-861209426A67}.Release|Any CPU.ActiveCfg = Release|Any CPU
		{1FD19FE6-1C05-4B5C-A85E-861209426A67}.Release|Any CPU.Build.0 = Release|Any CPU
	EndGlobalSection
	GlobalSection(SolutionProperties) = preSolution
		HideSolutionNode = FALSE
	EndGlobalSection
	GlobalSection(ExtensibilityGlobals) = postSolution
		SolutionGuid = {9440C93C-0AD6-4720-8384-5124D73456C4}
	EndGlobalSection
EndGlobal
